
Microsoft Visual Studio Solution File, Format Version 12.00
# Visual Studio Version 17
VisualStudioVersion = 17.4.33213.308
MinimumVisualStudioVersion = 10.0.40219.1
Project("{FAE04EC0-301F-11D3-BF4B-00C04F79EFBC}") = "PtiAlgoritmos", "PtiAlgoritmos\PtiAlgoritmos.csproj", "{43760626-86FA-4361-AFE6-7C37C85D985C}"
EndProject
Global
	GlobalSection(SolutionConfigurationPlatforms) = preSolution
		Debug|Any CPU = Debug|Any CPU
		Release|Any CPU = Release|Any CPU
	EndGlobalSection
	GlobalSection(ProjectConfigurationPlatforms) = postSolution
		{43760626-86FA-4361-AFE6-7C37C85D985C}.Debug|Any CPU.ActiveCfg = Debug|Any CPU
		{43760626-86FA-4361-AFE6-7C37C85D985C}.Debug|Any CPU.Build.0 = Debug|Any CPU
		{43760626-86FA-4361-AFE6-7C37C85D985C}.Release|Any CPU.ActiveCfg = Release|Any CPU
		{43760626-86FA-4361-AFE6-7C37C85D985C}.Release|Any CPU.Build.0 = Release|Any CPU
	EndGlobalSection
	GlobalSection(SolutionProperties) = preSolution
		HideSolutionNode = FALSE
	EndGlobalSection
	GlobalSection(ExtensibilityGlobals) = postSolution
		SolutionGuid = {1C1A32B4-9239-4558-926B-08E17FE55414}
	EndGlobalSection
EndGlobal
